// !$*UTF8*$!
{
	archiveVersion = 1;
	classes = {
	};
	objectVersion = 46;
	objects = {

/* Begin PBXBuildFile section */
		6723753D1BFB8151003EF61A /* main.m in Sources */ = {isa = PBXBuildFile; fileRef = 6723753C1BFB8151003EF61A /* main.m */; };
		672375401BFB8151003EF61A /* AppDelegate.m in Sources */ = {isa = PBXBuildFile; fileRef = 6723753F1BFB8151003EF61A /* AppDelegate.m */; };
		672375431BFB8151003EF61A /* ViewController.m in Sources */ = {isa = PBXBuildFile; fileRef = 672375421BFB8151003EF61A /* ViewController.m */; };
		672375461BFB8151003EF61A /* Main.storyboard in Resources */ = {isa = PBXBuildFile; fileRef = 672375441BFB8151003EF61A /* Main.storyboard */; };
		672375481BFB8151003EF61A /* Assets.xcassets in Resources */ = {isa = PBXBuildFile; fileRef = 672375471BFB8151003EF61A /* Assets.xcassets */; };
		6723754B1BFB8151003EF61A /* LaunchScreen.storyboard in Resources */ = {isa = PBXBuildFile; fileRef = 672375491BFB8151003EF61A /* LaunchScreen.storyboard */; };
		672375581BFB8B3E003EF61A /* UIColor+Custom.m in Sources */ = {isa = PBXBuildFile; fileRef = 672375541BFB8B3E003EF61A /* UIColor+Custom.m */; };
		672375591BFB8B3E003EF61A /* UIViewWithBorders.m in Sources */ = {isa = PBXBuildFile; fileRef = 672375571BFB8B3E003EF61A /* UIViewWithBorders.m */; };
		6723755B1BFB8B69003EF61A /* UIView+Custom.m in Sources */ = {isa = PBXBuildFile; fileRef = 6723755A1BFB8B69003EF61A /* UIView+Custom.m */; };
		6723755F1BFB8BCF003EF61A /* BorderedInfoBlockView.m in Sources */ = {isa = PBXBuildFile; fileRef = 6723755E1BFB8BCF003EF61A /* BorderedInfoBlockView.m */; };
		67980F2B1BFBAACE0045FD9B /* GradientView.m in Sources */ = {isa = PBXBuildFile; fileRef = 67980F271BFBAACE0045FD9B /* GradientView.m */; };
		67980F2C1BFBAACE0045FD9B /* CustomImageView.m in Sources */ = {isa = PBXBuildFile; fileRef = 67980F291BFBAACE0045FD9B /* CustomImageView.m */; };
/* End PBXBuildFile section */

/* Begin PBXFileReference section */
		672375381BFB8151003EF61A /* IBDesignables.app */ = {isa = PBXFileReference; explicitFileType = wrapper.application; includeInIndex = 0; path = IBDesignables.app; sourceTree = BUILT_PRODUCTS_DIR; };
		6723753C1BFB8151003EF61A /* main.m */ = {isa = PBXFileReference; lastKnownFileType = sourcecode.c.objc; path = main.m; sourceTree = "<group>"; };
		6723753E1BFB8151003EF61A /* AppDelegate.h */ = {isa = PBXFileReference; lastKnownFileType = sourcecode.c.h; path = AppDelegate.h; sourceTree = "<group>"; };
		6723753F1BFB8151003EF61A /* AppDelegate.m */ = {isa = PBXFileReference; lastKnownFileType = sourcecode.c.objc; path = AppDelegate.m; sourceTree = "<group>"; };
		672375411BFB8151003EF61A /* ViewController.h */ = {isa = PBXFileReference; lastKnownFileType = sourcecode.c.h; path = ViewController.h; sourceTree = "<group>"; };
		672375421BFB8151003EF61A /* ViewController.m */ = {isa = PBXFileReference; lastKnownFileType = sourcecode.c.objc; path = ViewController.m; sourceTree = "<group>"; };
		672375451BFB8151003EF61A /* Base */ = {isa = PBXFileReference; lastKnownFileType = file.storyboard; name = Base; path = Base.lproj/Main.storyboard; sourceTree = "<group>"; };
		672375471BFB8151003EF61A /* Assets.xcassets */ = {isa = PBXFileReference; lastKnownFileType = folder.assetcatalog; path = Assets.xcassets; sourceTree = "<group>"; };
		6723754A1BFB8151003EF61A /* Base */ = {isa = PBXFileReference; lastKnownFileType = file.storyboard; name = Base; path = Base.lproj/LaunchScreen.storyboard; sourceTree = "<group>"; };
		6723754C1BFB8151003EF61A /* Info.plist */ = {isa = PBXFileReference; lastKnownFileType = text.plist.xml; path = Info.plist; sourceTree = "<group>"; };
		672375531BFB8B3E003EF61A /* UIColor+Custom.h */ = {isa = PBXFileReference; fileEncoding = 4; lastKnownFileType = sourcecode.c.h; path = "UIColor+Custom.h"; sourceTree = "<group>"; };
		672375541BFB8B3E003EF61A /* UIColor+Custom.m */ = {isa = PBXFileReference; fileEncoding = 4; lastKnownFileType = sourcecode.c.objc; path = "UIColor+Custom.m"; sourceTree = "<group>"; };
		672375551BFB8B3E003EF61A /* UIView+Custom.h */ = {isa = PBXFileReference; fileEncoding = 4; lastKnownFileType = sourcecode.c.h; path = "UIView+Custom.h"; sourceTree = "<group>"; };
		672375561BFB8B3E003EF61A /* UIViewWithBorders.h */ = {isa = PBXFileReference; fileEncoding = 4; lastKnownFileType = sourcecode.c.h; path = UIViewWithBorders.h; sourceTree = "<group>"; };
		672375571BFB8B3E003EF61A /* UIViewWithBorders.m */ = {isa = PBXFileReference; fileEncoding = 4; lastKnownFileType = sourcecode.c.objc; path = UIViewWithBorders.m; sourceTree = "<group>"; };
		6723755A1BFB8B69003EF61A /* UIView+Custom.m */ = {isa = PBXFileReference; fileEncoding = 4; lastKnownFileType = sourcecode.c.objc; path = "UIView+Custom.m"; sourceTree = "<group>"; };
		6723755D1BFB8BCF003EF61A /* BorderedInfoBlockView.h */ = {isa = PBXFileReference; fileEncoding = 4; lastKnownFileType = sourcecode.c.h; path = BorderedInfoBlockView.h; sourceTree = "<group>"; };
		6723755E1BFB8BCF003EF61A /* BorderedInfoBlockView.m */ = {isa = PBXFileReference; fileEncoding = 4; lastKnownFileType = sourcecode.c.objc; path = BorderedInfoBlockView.m; sourceTree = "<group>"; };
		67980F271BFBAACE0045FD9B /* GradientView.m */ = {isa = PBXFileReference; fileEncoding = 4; lastKnownFileType = sourcecode.c.objc; path = GradientView.m; sourceTree = "<group>"; };
		67980F281BFBAACE0045FD9B /* GradientView.h */ = {isa = PBXFileReference; fileEncoding = 4; lastKnownFileType = sourcecode.c.h; path = GradientView.h; sourceTree = "<group>"; };
		67980F291BFBAACE0045FD9B /* CustomImageView.m */ = {isa = PBXFileReference; fileEncoding = 4; lastKnownFileType = sourcecode.c.objc; path = CustomImageView.m; sourceTree = "<group>"; };
		67980F2A1BFBAACE0045FD9B /* CustomImageView.h */ = {isa = PBXFileReference; fileEncoding = 4; lastKnownFileType = sourcecode.c.h; path = CustomImageView.h; sourceTree = "<group>"; };
/* End PBXFileReference section */

/* Begin PBXFrameworksBuildPhase section */
		672375351BFB8151003EF61A /* Frameworks */ = {
			isa = PBXFrameworksBuildPhase;
			buildActionMask = 2147483647;
			files = (
			);
			runOnlyForDeploymentPostprocessing = 0;
		};
/* End PBXFrameworksBuildPhase section */

/* Begin PBXGroup section */
		6723752F1BFB8150003EF61A = {
			isa = PBXGroup;
			children = (
				6723753A1BFB8151003EF61A /* IBDesignables */,
				672375391BFB8151003EF61A /* Products */,
			);
			sourceTree = "<group>";
		};
		672375391BFB8151003EF61A /* Products */ = {
			isa = PBXGroup;
			children = (
				672375381BFB8151003EF61A /* IBDesignables.app */,
			);
			name = Products;
			sourceTree = "<group>";
		};
		6723753A1BFB8151003EF61A /* IBDesignables */ = {
			isa = PBXGroup;
			children = (
				6723755C1BFB8BC5003EF61A /* CustomViews */,
				672375521BFB8B35003EF61A /* Utils */,
				6723753E1BFB8151003EF61A /* AppDelegate.h */,
				6723753F1BFB8151003EF61A /* AppDelegate.m */,
				672375411BFB8151003EF61A /* ViewController.h */,
				672375421BFB8151003EF61A /* ViewController.m */,
				672375441BFB8151003EF61A /* Main.storyboard */,
				672375471BFB8151003EF61A /* Assets.xcassets */,
				672375491BFB8151003EF61A /* LaunchScreen.storyboard */,
				6723754C1BFB8151003EF61A /* Info.plist */,
				6723753B1BFB8151003EF61A /* Supporting Files */,
			);
			path = IBDesignables;
			sourceTree = "<group>";
		};
		6723753B1BFB8151003EF61A /* Supporting Files */ = {
			isa = PBXGroup;
			children = (
				6723753C1BFB8151003EF61A /* main.m */,
			);
			name = "Supporting Files";
			sourceTree = "<group>";
		};
		672375521BFB8B35003EF61A /* Utils */ = {
			isa = PBXGroup;
			children = (
				672375531BFB8B3E003EF61A /* UIColor+Custom.h */,
				672375541BFB8B3E003EF61A /* UIColor+Custom.m */,
				672375551BFB8B3E003EF61A /* UIView+Custom.h */,
				6723755A1BFB8B69003EF61A /* UIView+Custom.m */,
				672375561BFB8B3E003EF61A /* UIViewWithBorders.h */,
				672375571BFB8B3E003EF61A /* UIViewWithBorders.m */,
			);
			name = Utils;
			sourceTree = "<group>";
		};
		6723755C1BFB8BC5003EF61A /* CustomViews */ = {
			isa = PBXGroup;
			children = (
				67980F271BFBAACE0045FD9B /* GradientView.m */,
				67980F281BFBAACE0045FD9B /* GradientView.h */,
				67980F291BFBAACE0045FD9B /* CustomImageView.m */,
				67980F2A1BFBAACE0045FD9B /* CustomImageView.h */,
				6723755D1BFB8BCF003EF61A /* BorderedInfoBlockView.h */,
				6723755E1BFB8BCF003EF61A /* BorderedInfoBlockView.m */,
			);
			name = CustomViews;
			sourceTree = "<group>";
		};
/* End PBXGroup section */

/* Begin PBXNativeTarget section */
		672375371BFB8151003EF61A /* IBDesignables */ = {
			isa = PBXNativeTarget;
			buildConfigurationList = 6723754F1BFB8151003EF61A /* Build configuration list for PBXNativeTarget "IBDesignables" */;
			buildPhases = (
				672375341BFB8151003EF61A /* Sources */,
				672375351BFB8151003EF61A /* Frameworks */,
				672375361BFB8151003EF61A /* Resources */,
			);
			buildRules = (
			);
			dependencies = (
			);
			name = IBDesignables;
			productName = IBDesignables;
			productReference = 672375381BFB8151003EF61A /* IBDesignables.app */;
			productType = "com.apple.product-type.application";
		};
/* End PBXNativeTarget section */

/* Begin PBXProject section */
		672375301BFB8150003EF61A /* Project object */ = {
			isa = PBXProject;
			attributes = {
				LastUpgradeCheck = 0710;
				ORGANIZATIONNAME = Cocoaheads;
				TargetAttributes = {
					672375371BFB8151003EF61A = {
						CreatedOnToolsVersion = 7.1.1;
					};
				};
			};
			buildConfigurationList = 672375331BFB8151003EF61A /* Build configuration list for PBXProject "IBDesignables" */;
			compatibilityVersion = "Xcode 3.2";
			developmentRegion = English;
			hasScannedForEncodings = 0;
			knownRegions = (
				en,
				Base,
			);
			mainGroup = 6723752F1BFB8150003EF61A;
			productRefGroup = 672375391BFB8151003EF61A /* Products */;
			projectDirPath = "";
			projectRoot = "";
			targets = (
				672375371BFB8151003EF61A /* IBDesignables */,
			);
		};
/* End PBXProject section */

/* Begin PBXResourcesBuildPhase section */
		672375361BFB8151003EF61A /* Resources */ = {
			isa = PBXResourcesBuildPhase;
			buildActionMask = 2147483647;
			files = (
				6723754B1BFB8151003EF61A /* LaunchScreen.storyboard in Resources */,
				672375481BFB8151003EF61A /* Assets.xcassets in Resources */,
				672375461BFB8151003EF61A /* Main.storyboard in Resources */,
			);
			runOnlyForDeploymentPostprocessing = 0;
		};
/* End PBXResourcesBuildPhase section */

/* Begin PBXSourcesBuildPhase section */
		672375341BFB8151003EF61A /* Sources */ = {
			isa = PBXSourcesBuildPhase;
			buildActionMask = 2147483647;
			files = (
				672375431BFB8151003EF61A /* ViewController.m in Sources */,
				6723755F1BFB8BCF003EF61A /* BorderedInfoBlockView.m in Sources */,
				67980F2C1BFBAACE0045FD9B /* CustomImageView.m in Sources */,
				67980F2B1BFBAACE0045FD9B /* GradientView.m in Sources */,
				6723755B1BFB8B69003EF61A /* UIView+Custom.m in Sources */,
				672375591BFB8B3E003EF61A /* UIViewWithBorders.m in Sources */,
				672375401BFB8151003EF61A /* AppDelegate.m in Sources */,
				672375581BFB8B3E003EF61A /* UIColor+Custom.m in Sources */,
				6723753D1BFB8151003EF61A /* main.m in Sources */,
			);
			runOnlyForDeploymentPostprocessing = 0;
		};
/* End PBXSourcesBuildPhase section */

/* Begin PBXVariantGroup section */
		672375441BFB8151003EF61A /* Main.storyboard */ = {
			isa = PBXVariantGroup;
			children = (
				672375451BFB8151003EF61A /* Base */,
			);
			name = Main.storyboard;
			sourceTree = "<group>";
		};
		672375491BFB8151003EF61A /* LaunchScreen.storyboard */ = {
			isa = PBXVariantGroup;
			children = (
				6723754A1BFB8151003EF61A /* Base */,
			);
			name = LaunchScreen.storyboard;
			sourceTree = "<group>";
		};
/* End PBXVariantGroup section */

/* Begin XCBuildConfiguration section */
		6723754D1BFB8151003EF61A /* Debug */ = {
			isa = XCBuildConfiguration;
			buildSettings = {
				ALWAYS_SEARCH_USER_PATHS = NO;
				CLANG_CXX_LANGUAGE_STANDARD = "gnu++0x";
				CLANG_CXX_LIBRARY = "libc++";
				CLANG_ENABLE_MODULES = YES;
				CLANG_ENABLE_OBJC_ARC = YES;
				CLANG_WARN_BOOL_CONVERSION = YES;
				CLANG_WARN_CONSTANT_CONVERSION = YES;
				CLANG_WARN_DIRECT_OBJC_ISA_USAGE = YES_ERROR;
				CLANG_WARN_EMPTY_BODY = YES;
				CLANG_WARN_ENUM_CONVERSION = YES;
				CLANG_WARN_INT_CONVERSION = YES;
				CLANG_WARN_OBJC_ROOT_CLASS = YES_ERROR;
				CLANG_WARN_UNREACHABLE_CODE = YES;
				CLANG_WARN__DUPLICATE_METHOD_MATCH = YES;
				"CODE_SIGN_IDENTITY[sdk=iphoneos*]" = "iPhone Developer";
				COPY_PHASE_STRIP = NO;
				DEBUG_INFORMATION_FORMAT = dwarf;
				ENABLE_STRICT_OBJC_MSGSEND = YES;
				ENABLE_TESTABILITY = YES;
				GCC_C_LANGUAGE_STANDARD = gnu99;
				GCC_DYNAMIC_NO_PIC = NO;
				GCC_NO_COMMON_BLOCKS = YES;
				GCC_OPTIMIZATION_LEVEL = 0;
				GCC_PREPROCESSOR_DEFINITIONS = (
					"DEBUG=1",
					"$(inherited)",
				);
				GCC_WARN_64_TO_32_BIT_CONVERSION = YES;
				GCC_WARN_ABOUT_RETURN_TYPE = YES_ERROR;
				GCC_WARN_UNDECLARED_SELECTOR = YES;
				GCC_WARN_UNINITIALIZED_AUTOS = YES_AGGRESSIVE;
				GCC_WARN_UNUSED_FUNCTION = YES;
				GCC_WARN_UNUSED_VARIABLE = YES;
				IPHONEOS_DEPLOYMENT_TARGET = 9.1;
				MTL_ENABLE_DEBUG_INFO = YES;
				ONLY_ACTIVE_ARCH = YES;
				SDKROOT = iphoneos;
			};
			name = Debug;
		};
		6723754E1BFB8151003EF61A /* Release */ = {
			isa = XCBuildConfiguration;
			buildSettings = {
				ALWAYS_SEARCH_USER_PATHS = NO;
				CLANG_CXX_LANGUAGE_STANDARD = "gnu++0x";
				CLANG_CXX_LIBRARY = "libc++";
				CLANG_ENABLE_MODULES = YES;
				CLANG_ENABLE_OBJC_ARC = YES;
				CLANG_WARN_BOOL_CONVERSION = YES;
				CLANG_WARN_CONSTANT_CONVERSION = YES;
				CLANG_WARN_DIRECT_OBJC_ISA_USAGE = YES_ERROR;
				CLANG_WARN_EMPTY_BODY = YES;
				CLANG_WARN_ENUM_CONVERSION = YES;
				CLANG_WARN_INT_CONVERSION = YES;
				CLANG_WARN_OBJC_ROOT_CLASS = YES_ERROR;
				CLANG_WARN_UNREACHABLE_CODE = YES;
				CLANG_WARN__DUPLICATE_METHOD_MATCH = YES;
				"CODE_SIGN_IDENTITY[sdk=iphoneos*]" = "iPhone Developer";
				COPY_PHASE_STRIP = NO;
				DEBUG_INFORMATION_FORMAT = "dwarf-with-dsym";
				ENABLE_NS_ASSERTIONS = NO;
				ENABLE_STRICT_OBJC_MSGSEND = YES;
				GCC_C_LANGUAGE_STANDARD = gnu99;
				GCC_NO_COMMON_BLOCKS = YES;
				GCC_WARN_64_TO_32_BIT_CONVERSION = YES;
				GCC_WARN_ABOUT_RETURN_TYPE = YES_ERROR;
				GCC_WARN_UNDECLARED_SELECTOR = YES;
				GCC_WARN_UNINITIALIZED_AUTOS = YES_AGGRESSIVE;
				GCC_WARN_UNUSED_FUNCTION = YES;
				GCC_WARN_UNUSED_VARIABLE = YES;
				IPHONEOS_DEPLOYMENT_TARGET = 9.1;
				MTL_ENABLE_DEBUG_INFO = NO;
				SDKROOT = iphoneos;
				VALIDATE_PRODUCT = YES;
			};
			name = Release;
		};
		672375501BFB8151003EF61A /* Debug */ = {
			isa = XCBuildConfiguration;
			buildSettings = {
				ASSETCATALOG_COMPILER_APPICON_NAME = AppIcon;
				INFOPLIST_FILE = IBDesignables/Info.plist;
				LD_RUNPATH_SEARCH_PATHS = "$(inherited) @executable_path/Frameworks";
				PRODUCT_BUNDLE_IDENTIFIER = br.com.cocoaheads.IBDesignables;
				PRODUCT_NAME = "$(TARGET_NAME)";
			};
			name = Debug;
		};
		672375511BFB8151003EF61A /* Release */ = {
			isa = XCBuildConfiguration;
			buildSettings = {
				ASSETCATALOG_COMPILER_APPICON_NAME = AppIcon;
				INFOPLIST_FILE = IBDesignables/Info.plist;
				LD_RUNPATH_SEARCH_PATHS = "$(inherited) @executable_path/Frameworks";
				PRODUCT_BUNDLE_IDENTIFIER = br.com.cocoaheads.IBDesignables;
				PRODUCT_NAME = "$(TARGET_NAME)";
			};
			name = Release;
		};
/* End XCBuildConfiguration section */

/* Begin XCConfigurationList section */
		672375331BFB8151003EF61A /* Build configuration list for PBXProject "IBDesignables" */ = {
			isa = XCConfigurationList;
			buildConfigurations = (
				6723754D1BFB8151003EF61A /* Debug */,
				6723754E1BFB8151003EF61A /* Release */,
			);
			defaultConfigurationIsVisible = 0;
			defaultConfigurationName = Release;
		};
		6723754F1BFB8151003EF61A /* Build configuration list for PBXNativeTarget "IBDesignables" */ = {
			isa = XCConfigurationList;
			buildConfigurations = (
				672375501BFB8151003EF61A /* Debug */,
				672375511BFB8151003EF61A /* Release */,
			);
			defaultConfigurationIsVisible = 0;
			defaultConfigurationName = Release;
		};
/* End XCConfigurationList section */
	};
	rootObject = 672375301BFB8150003EF61A /* Project object */;
}
